
Microsoft Visual Studio Solution File, Format Version 12.00
# Visual Studio Version 17
VisualStudioVersion = 17.5.33516.290
MinimumVisualStudioVersion = 10.0.40219.1
Project("{FAE04EC0-301F-11D3-BF4B-00C04F79EFBC}") = "Digital library", "Digital library.csproj", "{B1B0756C-C4BE-47D3-8B7D-5F987B2BFADC}"
EndProject
Global
	GlobalSection(SolutionConfigurationPlatforms) = preSolution
		Debug|Any CPU = Debug|Any CPU
		Release|Any CPU = Release|Any CPU
	EndGlobalSection
	GlobalSection(ProjectConfigurationPlatforms) = postSolution
		{B1B0756C-C4BE-47D3-8B7D-5F987B2BFADC}.Debug|Any CPU.ActiveCfg = Debug|Any CPU
		{B1B0756C-C4BE-47D3-8B7D-5F987B2BFADC}.Debug|Any CPU.Build.0 = Debug|Any CPU
		{B1B0756C-C4BE-47D3-8B7D-5F987B2BFADC}.Release|Any CPU.ActiveCfg = Release|Any CPU
		{B1B0756C-C4BE-47D3-8B7D-5F987B2BFADC}.Release|Any CPU.Build.0 = Release|Any CPU
	EndGlobalSection
	GlobalSection(SolutionProperties) = preSolution
		HideSolutionNode = FALSE
	EndGlobalSection
	GlobalSection(ExtensibilityGlobals) = postSolution
		SolutionGuid = {F987AC0F-A119-4F70-A325-76D17F64D454}
	EndGlobalSection
EndGlobal
